
Microsoft Visual Studio Solution File, Format Version 12.00
# Visual Studio Version 17
VisualStudioVersion = 17.14.36414.22
MinimumVisualStudioVersion = 10.0.40219.1
Project("{FAE04EC0-301F-11D3-BF4B-00C04F79EFBC}") = "xasu", "xasu\xasu.csproj", "{BB4357DC-5B47-95AE-661C-DEF52DBA6E03}"
EndProject
Global
	GlobalSection(SolutionConfigurationPlatforms) = preSolution
		Debug|Any CPU = Debug|Any CPU
		Release|Any CPU = Release|Any CPU
	EndGlobalSection
	GlobalSection(ProjectConfigurationPlatforms) = postSolution
		{BB4357DC-5B47-95AE-661C-DEF52DBA6E03}.Debug|Any CPU.ActiveCfg = Debug|Any CPU
		{BB4357DC-5B47-95AE-661C-DEF52DBA6E03}.Debug|Any CPU.Build.0 = Debug|Any CPU
		{BB4357DC-5B47-95AE-661C-DEF52DBA6E03}.Release|Any CPU.ActiveCfg = Release|Any CPU
		{BB4357DC-5B47-95AE-661C-DEF52DBA6E03}.Release|Any CPU.Build.0 = Release|Any CPU
	EndGlobalSection
	GlobalSection(SolutionProperties) = preSolution
		HideSolutionNode = FALSE
	EndGlobalSection
	GlobalSection(ExtensibilityGlobals) = postSolution
		SolutionGuid = {1349E94B-30B6-49CF-B1CB-19098A946656}
	EndGlobalSection
EndGlobal
